
Microsoft Visual Studio Solution File, Format Version 12.00
# Visual Studio Version 17
VisualStudioVersion = 17.3.32922.545
MinimumVisualStudioVersion = 10.0.40219.1
Project("{FAE04EC0-301F-11D3-BF4B-00C04F79EFBC}") = "RAB_00_Orientation", "RAB_00_Orientation\RAB_00_Orientation.csproj", "{9DDEE499-8004-4904-B61C-97CCC4360EC1}"
EndProject
Global
	GlobalSection(SolutionConfigurationPlatforms) = preSolution
		Debug|Any CPU = Debug|Any CPU
		Release|Any CPU = Release|Any CPU
	EndGlobalSection
	GlobalSection(ProjectConfigurationPlatforms) = postSolution
		{9DDEE499-8004-4904-B61C-97CCC4360EC1}.Debug|Any CPU.ActiveCfg = Debug|Any CPU
		{9DDEE499-8004-4904-B61C-97CCC4360EC1}.Debug|Any CPU.Build.0 = Debug|Any CPU
		{9DDEE499-8004-4904-B61C-97CCC4360EC1}.Release|Any CPU.ActiveCfg = Release|Any CPU
		{9DDEE499-8004-4904-B61C-97CCC4360EC1}.Release|Any CPU.Build.0 = Release|Any CPU
	EndGlobalSection
	GlobalSection(SolutionProperties) = preSolution
		HideSolutionNode = FALSE
	EndGlobalSection
	GlobalSection(ExtensibilityGlobals) = postSolution
		SolutionGuid = {702F3E1C-314B-41B8-9387-182C46BDDB34}
	EndGlobalSection
EndGlobal
